
Microsoft Visual Studio Solution File, Format Version 12.00
# Visual Studio Version 17
VisualStudioVersion = 17.13.35825.156
MinimumVisualStudioVersion = 10.0.40219.1
Project("{FAE04EC0-301F-11D3-BF4B-00C04F79EFBC}") = "KR_23VP2_Muraviev", "KR_23VP2_Muraviev.csproj", "{BC61F4A9-96BE-4CCC-9619-B3CB454CFC8C}"
EndProject
Project("{54435603-DBB4-11D2-8724-00A0C9A8B90C}") = "Setup", "..\Setup\Setup.vdproj", "{4D1AC582-8087-5490-FCC2-03CEC5D22547}"
EndProject
Global
	GlobalSection(SolutionConfigurationPlatforms) = preSolution
		Debug|Any CPU = Debug|Any CPU
		Release|Any CPU = Release|Any CPU
	EndGlobalSection
	GlobalSection(ProjectConfigurationPlatforms) = postSolution
		{BC61F4A9-96BE-4CCC-9619-B3CB454CFC8C}.Debug|Any CPU.ActiveCfg = Debug|Any CPU
		{BC61F4A9-96BE-4CCC-9619-B3CB454CFC8C}.Debug|Any CPU.Build.0 = Debug|Any CPU
		{BC61F4A9-96BE-4CCC-9619-B3CB454CFC8C}.Release|Any CPU.ActiveCfg = Release|Any CPU
		{BC61F4A9-96BE-4CCC-9619-B3CB454CFC8C}.Release|Any CPU.Build.0 = Release|Any CPU
		{4D1AC582-8087-5490-FCC2-03CEC5D22547}.Debug|Any CPU.ActiveCfg = Debug
		{4D1AC582-8087-5490-FCC2-03CEC5D22547}.Release|Any CPU.ActiveCfg = Release
	EndGlobalSection
	GlobalSection(SolutionProperties) = preSolution
		HideSolutionNode = FALSE
	EndGlobalSection
	GlobalSection(ExtensibilityGlobals) = postSolution
		SolutionGuid = {41D8774A-2D3F-4FF4-8106-8BCC12CF0273}
	EndGlobalSection
EndGlobal
